// !$*UTF8*$!
{
	archiveVersion = 1;
	classes = {
	};
	objectVersion = 46;
	objects = {

/* Begin PBXBuildFile section */
		68418D5A132A516AEC2C9A2B /* libPods-PicturePicker.a in Frameworks */ = {isa = PBXBuildFile; fileRef = 5D966EC0B579E582992E646D /* libPods-PicturePicker.a */; };
		C84397A9D22587136BE2EB30 /* libPods-PicturePickerUITests.a in Frameworks */ = {isa = PBXBuildFile; fileRef = C6B8A779A57AF2DCCA837CE6 /* libPods-PicturePickerUITests.a */; };
		DCB1889A1DB7766300FAA836 /* PicturesDisplayStyleService.m in Sources */ = {isa = PBXBuildFile; fileRef = DCB188991DB7766300FAA836 /* PicturesDisplayStyleService.m */; };
		DCB188A31DB7944900FAA836 /* DisplayPicturesCell.m in Sources */ = {isa = PBXBuildFile; fileRef = DCB1889E1DB7944900FAA836 /* DisplayPicturesCell.m */; };
		DCB188A41DB7944900FAA836 /* DisplayPicturesCell.xib in Resources */ = {isa = PBXBuildFile; fileRef = DCB1889F1DB7944900FAA836 /* DisplayPicturesCell.xib */; };
		DCB188A51DB7944900FAA836 /* TakePictureCell.m in Sources */ = {isa = PBXBuildFile; fileRef = DCB188A11DB7944900FAA836 /* TakePictureCell.m */; };
		DCB188A61DB7944900FAA836 /* TakePictureCell.xib in Resources */ = {isa = PBXBuildFile; fileRef = DCB188A21DB7944900FAA836 /* TakePictureCell.xib */; };
		DCB188AD1DB794E900FAA836 /* PreviewPictures.m in Sources */ = {isa = PBXBuildFile; fileRef = DCB188AC1DB794E900FAA836 /* PreviewPictures.m */; };
		DCBB50571DB7156700E787CF /* Helper.m in Sources */ = {isa = PBXBuildFile; fileRef = DCBB50561DB7156700E787CF /* Helper.m */; };
		DCBB50631DB715FD00E787CF /* Helper+System.m in Sources */ = {isa = PBXBuildFile; fileRef = DCBB50621DB715FD00E787CF /* Helper+System.m */; };
		DCE7047B1DB4E95000376E82 /* main.m in Sources */ = {isa = PBXBuildFile; fileRef = DCE7047A1DB4E95000376E82 /* main.m */; };
		DCE7047E1DB4E95000376E82 /* AppDelegate.m in Sources */ = {isa = PBXBuildFile; fileRef = DCE7047D1DB4E95000376E82 /* AppDelegate.m */; };
		DCE704811DB4E95000376E82 /* ViewController.m in Sources */ = {isa = PBXBuildFile; fileRef = DCE704801DB4E95000376E82 /* ViewController.m */; };
		DCE704841DB4E95000376E82 /* Main.storyboard in Resources */ = {isa = PBXBuildFile; fileRef = DCE704821DB4E95000376E82 /* Main.storyboard */; };
		DCE704861DB4E95000376E82 /* Assets.xcassets in Resources */ = {isa = PBXBuildFile; fileRef = DCE704851DB4E95000376E82 /* Assets.xcassets */; };
		DCE704891DB4E95000376E82 /* LaunchScreen.storyboard in Resources */ = {isa = PBXBuildFile; fileRef = DCE704871DB4E95000376E82 /* LaunchScreen.storyboard */; };
		DCE704941DB4E95000376E82 /* PicturePickerTests.m in Sources */ = {isa = PBXBuildFile; fileRef = DCE704931DB4E95000376E82 /* PicturePickerTests.m */; };
		DCE7049F1DB4E95000376E82 /* PicturePickerUITests.m in Sources */ = {isa = PBXBuildFile; fileRef = DCE7049E1DB4E95000376E82 /* PicturePickerUITests.m */; };
		DCF1B27D1DB5F02A000B240D /* Picture.storyboard in Resources */ = {isa = PBXBuildFile; fileRef = DCF1B2721DB5F02A000B240D /* Picture.storyboard */; };
		DCF1B27E1DB5F02A000B240D /* source.xcassets in Resources */ = {isa = PBXBuildFile; fileRef = DCF1B2741DB5F02A000B240D /* source.xcassets */; };
		DCF1B27F1DB5F02A000B240D /* BasicService.m in Sources */ = {isa = PBXBuildFile; fileRef = DCF1B2771DB5F02A000B240D /* BasicService.m */; };
		DCF1B2801DB5F02A000B240D /* ALAssetLibraryService.m in Sources */ = {isa = PBXBuildFile; fileRef = DCF1B2791DB5F02A000B240D /* ALAssetLibraryService.m */; };
		DCF1B2871DB5F042000B240D /* DisplayPictures.m in Sources */ = {isa = PBXBuildFile; fileRef = DCF1B2831DB5F042000B240D /* DisplayPictures.m */; };
		DCF1B2921DB61E4C000B240D /* CreateServiceObjectFactory.m in Sources */ = {isa = PBXBuildFile; fileRef = DCF1B2911DB61E4C000B240D /* CreateServiceObjectFactory.m */; };
		DCF1B2951DB622D0000B240D /* PictureDatasources.m in Sources */ = {isa = PBXBuildFile; fileRef = DCF1B2941DB622D0000B240D /* PictureDatasources.m */; };
		DECECC27BF1F7DA3E4BEAB8C /* libPods-PicturePickerTests.a in Frameworks */ = {isa = PBXBuildFile; fileRef = 600C32CA110F6807313E3891 /* libPods-PicturePickerTests.a */; };
/* End PBXBuildFile section */

/* Begin PBXContainerItemProxy section */
		DCE704901DB4E95000376E82 /* PBXContainerItemProxy */ = {
			isa = PBXContainerItemProxy;
			containerPortal = DCE7046E1DB4E95000376E82 /* Project object */;
			proxyType = 1;
			remoteGlobalIDString = DCE704751DB4E95000376E82;
			remoteInfo = PicturePicker;
		};
		DCE7049B1DB4E95000376E82 /* PBXContainerItemProxy */ = {
			isa = PBXContainerItemProxy;
			containerPortal = DCE7046E1DB4E95000376E82 /* Project object */;
			proxyType = 1;
			remoteGlobalIDString = DCE704751DB4E95000376E82;
			remoteInfo = PicturePicker;
		};
/* End PBXContainerItemProxy section */

/* Begin PBXFileReference section */
		0216B4E70D634E1E33D6B375 /* Pods-PicturePicker.debug.xcconfig */ = {isa = PBXFileReference; includeInIndex = 1; lastKnownFileType = text.xcconfig; name = "Pods-PicturePicker.debug.xcconfig"; path = "Pods/Target Support Files/Pods-PicturePicker/Pods-PicturePicker.debug.xcconfig"; sourceTree = "<group>"; };
		34636E549E0E8214AC897914 /* Pods-PicturePickerTests.debug.xcconfig */ = {isa = PBXFileReference; includeInIndex = 1; lastKnownFileType = text.xcconfig; name = "Pods-PicturePickerTests.debug.xcconfig"; path = "Pods/Target Support Files/Pods-PicturePickerTests/Pods-PicturePickerTests.debug.xcconfig"; sourceTree = "<group>"; };
		3E62F3AB0274116DA6CBA5FD /* Pods-PicturePicker.release.xcconfig */ = {isa = PBXFileReference; includeInIndex = 1; lastKnownFileType = text.xcconfig; name = "Pods-PicturePicker.release.xcconfig"; path = "Pods/Target Support Files/Pods-PicturePicker/Pods-PicturePicker.release.xcconfig"; sourceTree = "<group>"; };
		5303DFEC29E88CA0F6F6E8C8 /* Pods-PicturePickerUITests.debug.xcconfig */ = {isa = PBXFileReference; includeInIndex = 1; lastKnownFileType = text.xcconfig; name = "Pods-PicturePickerUITests.debug.xcconfig"; path = "Pods/Target Support Files/Pods-PicturePickerUITests/Pods-PicturePickerUITests.debug.xcconfig"; sourceTree = "<group>"; };
		5D966EC0B579E582992E646D /* libPods-PicturePicker.a */ = {isa = PBXFileReference; explicitFileType = archive.ar; includeInIndex = 0; path = "libPods-PicturePicker.a"; sourceTree = BUILT_PRODUCTS_DIR; };
		600C32CA110F6807313E3891 /* libPods-PicturePickerTests.a */ = {isa = PBXFileReference; explicitFileType = archive.ar; includeInIndex = 0; path = "libPods-PicturePickerTests.a"; sourceTree = BUILT_PRODUCTS_DIR; };
		917D1BD53BFFC0D5413DC9A9 /* Pods-PicturePickerTests.release.xcconfig */ = {isa = PBXFileReference; includeInIndex = 1; lastKnownFileType = text.xcconfig; name = "Pods-PicturePickerTests.release.xcconfig"; path = "Pods/Target Support Files/Pods-PicturePickerTests/Pods-PicturePickerTests.release.xcconfig"; sourceTree = "<group>"; };
		C6B8A779A57AF2DCCA837CE6 /* libPods-PicturePickerUITests.a */ = {isa = PBXFileReference; explicitFileType = archive.ar; includeInIndex = 0; path = "libPods-PicturePickerUITests.a"; sourceTree = BUILT_PRODUCTS_DIR; };
		DC14CBB61DB893D8000CC186 /* PicturePicker.h */ = {isa = PBXFileReference; lastKnownFileType = sourcecode.c.h; path = PicturePicker.h; sourceTree = "<group>"; };
		DCB1888F1DB7614F00FAA836 /* FrameworkDefinition.h */ = {isa = PBXFileReference; fileEncoding = 4; lastKnownFileType = sourcecode.c.h; name = FrameworkDefinition.h; path = DisplayPictures/FrameworkDefinition.h; sourceTree = "<group>"; };
		DCB188981DB7766300FAA836 /* PicturesDisplayStyleService.h */ = {isa = PBXFileReference; fileEncoding = 4; lastKnownFileType = sourcecode.c.h; path = PicturesDisplayStyleService.h; sourceTree = "<group>"; };
		DCB188991DB7766300FAA836 /* PicturesDisplayStyleService.m */ = {isa = PBXFileReference; fileEncoding = 4; lastKnownFileType = sourcecode.c.objc; path = PicturesDisplayStyleService.m; sourceTree = "<group>"; };
		DCB1889D1DB7944900FAA836 /* DisplayPicturesCell.h */ = {isa = PBXFileReference; fileEncoding = 4; lastKnownFileType = sourcecode.c.h; path = DisplayPicturesCell.h; sourceTree = "<group>"; };
		DCB1889E1DB7944900FAA836 /* DisplayPicturesCell.m */ = {isa = PBXFileReference; fileEncoding = 4; lastKnownFileType = sourcecode.c.objc; path = DisplayPicturesCell.m; sourceTree = "<group>"; };
		DCB1889F1DB7944900FAA836 /* DisplayPicturesCell.xib */ = {isa = PBXFileReference; fileEncoding = 4; lastKnownFileType = file.xib; path = DisplayPicturesCell.xib; sourceTree = "<group>"; };
		DCB188A01DB7944900FAA836 /* TakePictureCell.h */ = {isa = PBXFileReference; fileEncoding = 4; lastKnownFileType = sourcecode.c.h; path = TakePictureCell.h; sourceTree = "<group>"; };
		DCB188A11DB7944900FAA836 /* TakePictureCell.m */ = {isa = PBXFileReference; fileEncoding = 4; lastKnownFileType = sourcecode.c.objc; path = TakePictureCell.m; sourceTree = "<group>"; };
		DCB188A21DB7944900FAA836 /* TakePictureCell.xib */ = {isa = PBXFileReference; fileEncoding = 4; lastKnownFileType = file.xib; path = TakePictureCell.xib; sourceTree = "<group>"; };
		DCB188AB1DB794E900FAA836 /* PreviewPictures.h */ = {isa = PBXFileReference; fileEncoding = 4; lastKnownFileType = sourcecode.c.h; path = PreviewPictures.h; sourceTree = "<group>"; };
		DCB188AC1DB794E900FAA836 /* PreviewPictures.m */ = {isa = PBXFileReference; fileEncoding = 4; lastKnownFileType = sourcecode.c.objc; path = PreviewPictures.m; sourceTree = "<group>"; };
		DCBB50551DB7156700E787CF /* Helper.h */ = {isa = PBXFileReference; fileEncoding = 4; lastKnownFileType = sourcecode.c.h; path = Helper.h; sourceTree = "<group>"; };
		DCBB50561DB7156700E787CF /* Helper.m */ = {isa = PBXFileReference; fileEncoding = 4; lastKnownFileType = sourcecode.c.objc; path = Helper.m; sourceTree = "<group>"; };
		DCBB50611DB715FD00E787CF /* Helper+System.h */ = {isa = PBXFileReference; fileEncoding = 4; lastKnownFileType = sourcecode.c.h; path = "Helper+System.h"; sourceTree = "<group>"; };
		DCBB50621DB715FD00E787CF /* Helper+System.m */ = {isa = PBXFileReference; fileEncoding = 4; lastKnownFileType = sourcecode.c.objc; path = "Helper+System.m"; sourceTree = "<group>"; };
		DCE704761DB4E95000376E82 /* PicturePicker.app */ = {isa = PBXFileReference; explicitFileType = wrapper.application; includeInIndex = 0; path = PicturePicker.app; sourceTree = BUILT_PRODUCTS_DIR; };
		DCE7047A1DB4E95000376E82 /* main.m */ = {isa = PBXFileReference; lastKnownFileType = sourcecode.c.objc; path = main.m; sourceTree = "<group>"; };
		DCE7047C1DB4E95000376E82 /* AppDelegate.h */ = {isa = PBXFileReference; lastKnownFileType = sourcecode.c.h; path = AppDelegate.h; sourceTree = "<group>"; };
		DCE7047D1DB4E95000376E82 /* AppDelegate.m */ = {isa = PBXFileReference; lastKnownFileType = sourcecode.c.objc; path = AppDelegate.m; sourceTree = "<group>"; };
		DCE7047F1DB4E95000376E82 /* ViewController.h */ = {isa = PBXFileReference; lastKnownFileType = sourcecode.c.h; path = ViewController.h; sourceTree = "<group>"; };
		DCE704801DB4E95000376E82 /* ViewController.m */ = {isa = PBXFileReference; lastKnownFileType = sourcecode.c.objc; path = ViewController.m; sourceTree = "<group>"; };
		DCE704831DB4E95000376E82 /* Base */ = {isa = PBXFileReference; lastKnownFileType = file.storyboard; name = Base; path = Base.lproj/Main.storyboard; sourceTree = "<group>"; };
		DCE704851DB4E95000376E82 /* Assets.xcassets */ = {isa = PBXFileReference; lastKnownFileType = folder.assetcatalog; path = Assets.xcassets; sourceTree = "<group>"; };
		DCE704881DB4E95000376E82 /* Base */ = {isa = PBXFileReference; lastKnownFileType = file.storyboard; name = Base; path = Base.lproj/LaunchScreen.storyboard; sourceTree = "<group>"; };
		DCE7048A1DB4E95000376E82 /* Info.plist */ = {isa = PBXFileReference; lastKnownFileType = text.plist.xml; path = Info.plist; sourceTree = "<group>"; };
		DCE7048F1DB4E95000376E82 /* PicturePickerTests.xctest */ = {isa = PBXFileReference; explicitFileType = wrapper.cfbundle; includeInIndex = 0; path = PicturePickerTests.xctest; sourceTree = BUILT_PRODUCTS_DIR; };
		DCE704931DB4E95000376E82 /* PicturePickerTests.m */ = {isa = PBXFileReference; lastKnownFileType = sourcecode.c.objc; path = PicturePickerTests.m; sourceTree = "<group>"; };
		DCE704951DB4E95000376E82 /* Info.plist */ = {isa = PBXFileReference; lastKnownFileType = text.plist.xml; path = Info.plist; sourceTree = "<group>"; };
		DCE7049A1DB4E95000376E82 /* PicturePickerUITests.xctest */ = {isa = PBXFileReference; explicitFileType = wrapper.cfbundle; includeInIndex = 0; path = PicturePickerUITests.xctest; sourceTree = BUILT_PRODUCTS_DIR; };
		DCE7049E1DB4E95000376E82 /* PicturePickerUITests.m */ = {isa = PBXFileReference; lastKnownFileType = sourcecode.c.objc; path = PicturePickerUITests.m; sourceTree = "<group>"; };
		DCE704A01DB4E95000376E82 /* Info.plist */ = {isa = PBXFileReference; lastKnownFileType = text.plist.xml; path = Info.plist; sourceTree = "<group>"; };
		DCF1B2721DB5F02A000B240D /* Picture.storyboard */ = {isa = PBXFileReference; fileEncoding = 4; lastKnownFileType = file.storyboard; path = Picture.storyboard; sourceTree = "<group>"; };
		DCF1B2741DB5F02A000B240D /* source.xcassets */ = {isa = PBXFileReference; lastKnownFileType = folder.assetcatalog; path = source.xcassets; sourceTree = "<group>"; };
		DCF1B2761DB5F02A000B240D /* BasicService.h */ = {isa = PBXFileReference; fileEncoding = 4; lastKnownFileType = sourcecode.c.h; path = BasicService.h; sourceTree = "<group>"; };
		DCF1B2771DB5F02A000B240D /* BasicService.m */ = {isa = PBXFileReference; fileEncoding = 4; lastKnownFileType = sourcecode.c.objc; path = BasicService.m; sourceTree = "<group>"; };
		DCF1B2781DB5F02A000B240D /* ALAssetLibraryService.h */ = {isa = PBXFileReference; fileEncoding = 4; lastKnownFileType = sourcecode.c.h; path = ALAssetLibraryService.h; sourceTree = "<group>"; };
		DCF1B2791DB5F02A000B240D /* ALAssetLibraryService.m */ = {isa = PBXFileReference; fileEncoding = 4; lastKnownFileType = sourcecode.c.objc; path = ALAssetLibraryService.m; sourceTree = "<group>"; };
		DCF1B2821DB5F042000B240D /* DisplayPictures.h */ = {isa = PBXFileReference; fileEncoding = 4; lastKnownFileType = sourcecode.c.h; path = DisplayPictures.h; sourceTree = "<group>"; };
		DCF1B2831DB5F042000B240D /* DisplayPictures.m */ = {isa = PBXFileReference; fileEncoding = 4; lastKnownFileType = sourcecode.c.objc; path = DisplayPictures.m; sourceTree = "<group>"; };
		DCF1B2901DB61E4C000B240D /* CreateServiceObjectFactory.h */ = {isa = PBXFileReference; fileEncoding = 4; lastKnownFileType = sourcecode.c.h; path = CreateServiceObjectFactory.h; sourceTree = "<group>"; };
		DCF1B2911DB61E4C000B240D /* CreateServiceObjectFactory.m */ = {isa = PBXFileReference; fileEncoding = 4; lastKnownFileType = sourcecode.c.objc; path = CreateServiceObjectFactory.m; sourceTree = "<group>"; };
		DCF1B2931DB622D0000B240D /* PictureDatasources.h */ = {isa = PBXFileReference; fileEncoding = 4; lastKnownFileType = sourcecode.c.h; path = PictureDatasources.h; sourceTree = "<group>"; };
		DCF1B2941DB622D0000B240D /* PictureDatasources.m */ = {isa = PBXFileReference; fileEncoding = 4; lastKnownFileType = sourcecode.c.objc; path = PictureDatasources.m; sourceTree = "<group>"; };
		E320779A23D9ECB59E38CD09 /* Pods-PicturePickerUITests.release.xcconfig */ = {isa = PBXFileReference; includeInIndex = 1; lastKnownFileType = text.xcconfig; name = "Pods-PicturePickerUITests.release.xcconfig"; path = "Pods/Target Support Files/Pods-PicturePickerUITests/Pods-PicturePickerUITests.release.xcconfig"; sourceTree = "<group>"; };
/* End PBXFileReference section */

/* Begin PBXFrameworksBuildPhase section */
		DCE704731DB4E95000376E82 /* Frameworks */ = {
			isa = PBXFrameworksBuildPhase;
			buildActionMask = 2147483647;
			files = (
				68418D5A132A516AEC2C9A2B /* libPods-PicturePicker.a in Frameworks */,
			);
			runOnlyForDeploymentPostprocessing = 0;
		};
		DCE7048C1DB4E95000376E82 /* Frameworks */ = {
			isa = PBXFrameworksBuildPhase;
			buildActionMask = 2147483647;
			files = (
				DECECC27BF1F7DA3E4BEAB8C /* libPods-PicturePickerTests.a in Frameworks */,
			);
			runOnlyForDeploymentPostprocessing = 0;
		};
		DCE704971DB4E95000376E82 /* Frameworks */ = {
			isa = PBXFrameworksBuildPhase;
			buildActionMask = 2147483647;
			files = (
				C84397A9D22587136BE2EB30 /* libPods-PicturePickerUITests.a in Frameworks */,
			);
			runOnlyForDeploymentPostprocessing = 0;
		};
/* End PBXFrameworksBuildPhase section */

/* Begin PBXGroup section */
		DC583C833E0906B54CFCA181 /* Pods */ = {
			isa = PBXGroup;
			children = (
				0216B4E70D634E1E33D6B375 /* Pods-PicturePicker.debug.xcconfig */,
				3E62F3AB0274116DA6CBA5FD /* Pods-PicturePicker.release.xcconfig */,
				34636E549E0E8214AC897914 /* Pods-PicturePickerTests.debug.xcconfig */,
				917D1BD53BFFC0D5413DC9A9 /* Pods-PicturePickerTests.release.xcconfig */,
				5303DFEC29E88CA0F6F6E8C8 /* Pods-PicturePickerUITests.debug.xcconfig */,
				E320779A23D9ECB59E38CD09 /* Pods-PicturePickerUITests.release.xcconfig */,
			);
			name = Pods;
			sourceTree = "<group>";
		};
		DCB1889C1DB7944900FAA836 /* Components */ = {
			isa = PBXGroup;
			children = (
				DCB188A71DB7944E00FAA836 /* Cells */,
			);
			path = Components;
			sourceTree = "<group>";
		};
		DCB188A71DB7944E00FAA836 /* Cells */ = {
			isa = PBXGroup;
			children = (
				DCB188A91DB7946100FAA836 /* TakePictureCell */,
				DCB188A81DB7945600FAA836 /* DisplayPicturesCell */,
			);
			name = Cells;
			sourceTree = "<group>";
		};
		DCB188A81DB7945600FAA836 /* DisplayPicturesCell */ = {
			isa = PBXGroup;
			children = (
				DCB1889D1DB7944900FAA836 /* DisplayPicturesCell.h */,
				DCB1889E1DB7944900FAA836 /* DisplayPicturesCell.m */,
				DCB1889F1DB7944900FAA836 /* DisplayPicturesCell.xib */,
			);
			name = DisplayPicturesCell;
			sourceTree = "<group>";
		};
		DCB188A91DB7946100FAA836 /* TakePictureCell */ = {
			isa = PBXGroup;
			children = (
				DCB188A01DB7944900FAA836 /* TakePictureCell.h */,
				DCB188A11DB7944900FAA836 /* TakePictureCell.m */,
				DCB188A21DB7944900FAA836 /* TakePictureCell.xib */,
			);
			name = TakePictureCell;
			sourceTree = "<group>";
		};
		DCB188AA1DB794D400FAA836 /* PreviewPictures */ = {
			isa = PBXGroup;
			children = (
				DCB188AB1DB794E900FAA836 /* PreviewPictures.h */,
				DCB188AC1DB794E900FAA836 /* PreviewPictures.m */,
			);
			path = PreviewPictures;
			sourceTree = "<group>";
		};
		DCBB50541DB7155900E787CF /* Helper */ = {
			isa = PBXGroup;
			children = (
				DCBB50551DB7156700E787CF /* Helper.h */,
				DCBB50561DB7156700E787CF /* Helper.m */,
				DCBB50611DB715FD00E787CF /* Helper+System.h */,
				DCBB50621DB715FD00E787CF /* Helper+System.m */,
			);
			path = Helper;
			sourceTree = "<group>";
		};
		DCE7046D1DB4E95000376E82 = {
			isa = PBXGroup;
			children = (
				DCE704781DB4E95000376E82 /* PicturePicker */,
				DCE704921DB4E95000376E82 /* PicturePickerTests */,
				DCE7049D1DB4E95000376E82 /* PicturePickerUITests */,
				DCE704771DB4E95000376E82 /* Products */,
				DC583C833E0906B54CFCA181 /* Pods */,
				F820F28AC350959A0666746F /* Frameworks */,
			);
			sourceTree = "<group>";
		};
		DCE704771DB4E95000376E82 /* Products */ = {
			isa = PBXGroup;
			children = (
				DCE704761DB4E95000376E82 /* PicturePicker.app */,
				DCE7048F1DB4E95000376E82 /* PicturePickerTests.xctest */,
				DCE7049A1DB4E95000376E82 /* PicturePickerUITests.xctest */,
			);
			name = Products;
			sourceTree = "<group>";
		};
		DCE704781DB4E95000376E82 /* PicturePicker */ = {
			isa = PBXGroup;
			children = (
				DCF1B26C1DB5F02A000B240D /* framework */,
				DCE7047C1DB4E95000376E82 /* AppDelegate.h */,
				DCE7047D1DB4E95000376E82 /* AppDelegate.m */,
				DCE7047F1DB4E95000376E82 /* ViewController.h */,
				DCE704801DB4E95000376E82 /* ViewController.m */,
				DCE704821DB4E95000376E82 /* Main.storyboard */,
				DCE704851DB4E95000376E82 /* Assets.xcassets */,
				DCE704871DB4E95000376E82 /* LaunchScreen.storyboard */,
				DCE7048A1DB4E95000376E82 /* Info.plist */,
				DCE704791DB4E95000376E82 /* Supporting Files */,
			);
			path = PicturePicker;
			sourceTree = "<group>";
		};
		DCE704791DB4E95000376E82 /* Supporting Files */ = {
			isa = PBXGroup;
			children = (
				DCE7047A1DB4E95000376E82 /* main.m */,
			);
			name = "Supporting Files";
			sourceTree = "<group>";
		};
		DCE704921DB4E95000376E82 /* PicturePickerTests */ = {
			isa = PBXGroup;
			children = (
				DCE704931DB4E95000376E82 /* PicturePickerTests.m */,
				DCE704951DB4E95000376E82 /* Info.plist */,
			);
			path = PicturePickerTests;
			sourceTree = "<group>";
		};
		DCE7049D1DB4E95000376E82 /* PicturePickerUITests */ = {
			isa = PBXGroup;
			children = (
				DCE7049E1DB4E95000376E82 /* PicturePickerUITests.m */,
				DCE704A01DB4E95000376E82 /* Info.plist */,
			);
			path = PicturePickerUITests;
			sourceTree = "<group>";
		};
		DCF1B26C1DB5F02A000B240D /* framework */ = {
			isa = PBXGroup;
			children = (
				DC14CBB61DB893D8000CC186 /* PicturePicker.h */,
				DCB1888F1DB7614F00FAA836 /* FrameworkDefinition.h */,
				DCF1B2721DB5F02A000B240D /* Picture.storyboard */,
				DCB188AA1DB794D400FAA836 /* PreviewPictures */,
				DCB1889C1DB7944900FAA836 /* Components */,
				DCBB50541DB7155900E787CF /* Helper */,
				DCF1B2811DB5F042000B240D /* DisplayPictures */,
				DCF1B2731DB5F02A000B240D /* Resources */,
				DCF1B2751DB5F02A000B240D /* Services */,
			);
			path = framework;
			sourceTree = "<group>";
		};
		DCF1B2731DB5F02A000B240D /* Resources */ = {
			isa = PBXGroup;
			children = (
				DCF1B2741DB5F02A000B240D /* source.xcassets */,
			);
			path = Resources;
			sourceTree = "<group>";
		};
		DCF1B2751DB5F02A000B240D /* Services */ = {
			isa = PBXGroup;
			children = (
				DCF1B2901DB61E4C000B240D /* CreateServiceObjectFactory.h */,
				DCF1B2911DB61E4C000B240D /* CreateServiceObjectFactory.m */,
				DCF1B2761DB5F02A000B240D /* BasicService.h */,
				DCF1B2771DB5F02A000B240D /* BasicService.m */,
				DCF1B2781DB5F02A000B240D /* ALAssetLibraryService.h */,
				DCF1B2791DB5F02A000B240D /* ALAssetLibraryService.m */,
				DCB188981DB7766300FAA836 /* PicturesDisplayStyleService.h */,
				DCB188991DB7766300FAA836 /* PicturesDisplayStyleService.m */,
			);
			path = Services;
			sourceTree = "<group>";
		};
		DCF1B2811DB5F042000B240D /* DisplayPictures */ = {
			isa = PBXGroup;
			children = (
				DCF1B2821DB5F042000B240D /* DisplayPictures.h */,
				DCF1B2831DB5F042000B240D /* DisplayPictures.m */,
				DCF1B2931DB622D0000B240D /* PictureDatasources.h */,
				DCF1B2941DB622D0000B240D /* PictureDatasources.m */,
			);
			path = DisplayPictures;
			sourceTree = "<group>";
		};
		F820F28AC350959A0666746F /* Frameworks */ = {
			isa = PBXGroup;
			children = (
				5D966EC0B579E582992E646D /* libPods-PicturePicker.a */,
				600C32CA110F6807313E3891 /* libPods-PicturePickerTests.a */,
				C6B8A779A57AF2DCCA837CE6 /* libPods-PicturePickerUITests.a */,
			);
			name = Frameworks;
			sourceTree = "<group>";
		};
/* End PBXGroup section */

/* Begin PBXNativeTarget section */
		DCE704751DB4E95000376E82 /* PicturePicker */ = {
			isa = PBXNativeTarget;
			buildConfigurationList = DCE704A31DB4E95000376E82 /* Build configuration list for PBXNativeTarget "PicturePicker" */;
			buildPhases = (
				61A7EE7CE0B5B23BD49BEE70 /* [CP] Check Pods Manifest.lock */,
				DCE704721DB4E95000376E82 /* Sources */,
				DCE704731DB4E95000376E82 /* Frameworks */,
				DCE704741DB4E95000376E82 /* Resources */,
				ECEB42982183F0B187688711 /* [CP] Embed Pods Frameworks */,
				BB9E8664D4425C98C13B5277 /* [CP] Copy Pods Resources */,
			);
			buildRules = (
			);
			dependencies = (
			);
			name = PicturePicker;
			productName = PicturePicker;
			productReference = DCE704761DB4E95000376E82 /* PicturePicker.app */;
			productType = "com.apple.product-type.application";
		};
		DCE7048E1DB4E95000376E82 /* PicturePickerTests */ = {
			isa = PBXNativeTarget;
			buildConfigurationList = DCE704A61DB4E95000376E82 /* Build configuration list for PBXNativeTarget "PicturePickerTests" */;
			buildPhases = (
				2F802DC4BADEB7C7CE6D84C3 /* [CP] Check Pods Manifest.lock */,
				DCE7048B1DB4E95000376E82 /* Sources */,
				DCE7048C1DB4E95000376E82 /* Frameworks */,
				DCE7048D1DB4E95000376E82 /* Resources */,
				7C17C74A7BE8AA4EE87D1C71 /* [CP] Embed Pods Frameworks */,
				0E809D1112BBF1920BA117DF /* [CP] Copy Pods Resources */,
			);
			buildRules = (
			);
			dependencies = (
				DCE704911DB4E95000376E82 /* PBXTargetDependency */,
			);
			name = PicturePickerTests;
			productName = PicturePickerTests;
			productReference = DCE7048F1DB4E95000376E82 /* PicturePickerTests.xctest */;
			productType = "com.apple.product-type.bundle.unit-test";
		};
		DCE704991DB4E95000376E82 /* PicturePickerUITests */ = {
			isa = PBXNativeTarget;
			buildConfigurationList = DCE704A91DB4E95000376E82 /* Build configuration list for PBXNativeTarget "PicturePickerUITests" */;
			buildPhases = (
				74648E4C8A19D615E2C21637 /* [CP] Check Pods Manifest.lock */,
				DCE704961DB4E95000376E82 /* Sources */,
				DCE704971DB4E95000376E82 /* Frameworks */,
				DCE704981DB4E95000376E82 /* Resources */,
				7E9CAF482C9F1B69BEBAB83B /* [CP] Copy Pods Resources */,
			);
			buildRules = (
			);
			dependencies = (
				DCE7049C1DB4E95000376E82 /* PBXTargetDependency */,
			);
			name = PicturePickerUITests;
			productName = PicturePickerUITests;
			productReference = DCE7049A1DB4E95000376E82 /* PicturePickerUITests.xctest */;
			productType = "com.apple.product-type.bundle.ui-testing";
		};
/* End PBXNativeTarget section */

/* Begin PBXProject section */
		DCE7046E1DB4E95000376E82 /* Project object */ = {
			isa = PBXProject;
			attributes = {
				LastUpgradeCheck = 0800;
				ORGANIZATIONNAME = felix;
				TargetAttributes = {
					DCE704751DB4E95000376E82 = {
						CreatedOnToolsVersion = 8.0;
						DevelopmentTeam = D2XBEJ6876;
						ProvisioningStyle = Automatic;
					};
					DCE7048E1DB4E95000376E82 = {
						CreatedOnToolsVersion = 8.0;
						DevelopmentTeam = D2XBEJ6876;
						ProvisioningStyle = Automatic;
						TestTargetID = DCE704751DB4E95000376E82;
					};
					DCE704991DB4E95000376E82 = {
						CreatedOnToolsVersion = 8.0;
						DevelopmentTeam = D2XBEJ6876;
						ProvisioningStyle = Automatic;
						TestTargetID = DCE704751DB4E95000376E82;
					};
				};
			};
			buildConfigurationList = DCE704711DB4E95000376E82 /* Build configuration list for PBXProject "PicturePicker" */;
			compatibilityVersion = "Xcode 3.2";
			developmentRegion = English;
			hasScannedForEncodings = 0;
			knownRegions = (
				en,
				Base,
			);
			mainGroup = DCE7046D1DB4E95000376E82;
			productRefGroup = DCE704771DB4E95000376E82 /* Products */;
			projectDirPath = "";
			projectRoot = "";
			targets = (
				DCE704751DB4E95000376E82 /* PicturePicker */,
				DCE7048E1DB4E95000376E82 /* PicturePickerTests */,
				DCE704991DB4E95000376E82 /* PicturePickerUITests */,
			);
		};
/* End PBXProject section */

/* Begin PBXResourcesBuildPhase section */
		DCE704741DB4E95000376E82 /* Resources */ = {
			isa = PBXResourcesBuildPhase;
			buildActionMask = 2147483647;
			files = (
				DCF1B27E1DB5F02A000B240D /* source.xcassets in Resources */,
				DCB188A61DB7944900FAA836 /* TakePictureCell.xib in Resources */,
				DCF1B27D1DB5F02A000B240D /* Picture.storyboard in Resources */,
				DCE704891DB4E95000376E82 /* LaunchScreen.storyboard in Resources */,
				DCB188A41DB7944900FAA836 /* DisplayPicturesCell.xib in Resources */,
				DCE704861DB4E95000376E82 /* Assets.xcassets in Resources */,
				DCE704841DB4E95000376E82 /* Main.storyboard in Resources */,
			);
			runOnlyForDeploymentPostprocessing = 0;
		};
		DCE7048D1DB4E95000376E82 /* Resources */ = {
			isa = PBXResourcesBuildPhase;
			buildActionMask = 2147483647;
			files = (
			);
			runOnlyForDeploymentPostprocessing = 0;
		};
		DCE704981DB4E95000376E82 /* Resources */ = {
			isa = PBXResourcesBuildPhase;
			buildActionMask = 2147483647;
			files = (
			);
			runOnlyForDeploymentPostprocessing = 0;
		};
/* End PBXResourcesBuildPhase section */

/* Begin PBXShellScriptBuildPhase section */
		0E809D1112BBF1920BA117DF /* [CP] Copy Pods Resources */ = {
			isa = PBXShellScriptBuildPhase;
			buildActionMask = 2147483647;
			files = (
			);
			inputPaths = (
			);
			name = "[CP] Copy Pods Resources";
			outputPaths = (
			);
			runOnlyForDeploymentPostprocessing = 0;
			shellPath = /bin/sh;
			shellScript = "\"${SRCROOT}/Pods/Target Support Files/Pods-PicturePickerTests/Pods-PicturePickerTests-resources.sh\"\n";
			showEnvVarsInLog = 0;
		};
		2F802DC4BADEB7C7CE6D84C3 /* [CP] Check Pods Manifest.lock */ = {
			isa = PBXShellScriptBuildPhase;
			buildActionMask = 2147483647;
			files = (
			);
			inputPaths = (
			);
			name = "[CP] Check Pods Manifest.lock";
			outputPaths = (
			);
			runOnlyForDeploymentPostprocessing = 0;
			shellPath = /bin/sh;
			shellScript = "diff \"${PODS_ROOT}/../Podfile.lock\" \"${PODS_ROOT}/Manifest.lock\" > /dev/null\nif [[ $? != 0 ]] ; then\n    cat << EOM\nerror: The sandbox is not in sync with the Podfile.lock. Run 'pod install' or update your CocoaPods installation.\nEOM\n    exit 1\nfi\n";
			showEnvVarsInLog = 0;
		};
		61A7EE7CE0B5B23BD49BEE70 /* [CP] Check Pods Manifest.lock */ = {
			isa = PBXShellScriptBuildPhase;
			buildActionMask = 2147483647;
			files = (
			);
			inputPaths = (
			);
			name = "[CP] Check Pods Manifest.lock";
			outputPaths = (
			);
			runOnlyForDeploymentPostprocessing = 0;
			shellPath = /bin/sh;
			shellScript = "diff \"${PODS_ROOT}/../Podfile.lock\" \"${PODS_ROOT}/Manifest.lock\" > /dev/null\nif [[ $? != 0 ]] ; then\n    cat << EOM\nerror: The sandbox is not in sync with the Podfile.lock. Run 'pod install' or update your CocoaPods installation.\nEOM\n    exit 1\nfi\n";
			showEnvVarsInLog = 0;
		};
		74648E4C8A19D615E2C21637 /* [CP] Check Pods Manifest.lock */ = {
			isa = PBXShellScriptBuildPhase;
			buildActionMask = 2147483647;
			files = (
			);
			inputPaths = (
			);
			name = "[CP] Check Pods Manifest.lock";
			outputPaths = (
			);
			runOnlyForDeploymentPostprocessing = 0;
			shellPath = /bin/sh;
			shellScript = "diff \"${PODS_ROOT}/../Podfile.lock\" \"${PODS_ROOT}/Manifest.lock\" > /dev/null\nif [[ $? != 0 ]] ; then\n    cat << EOM\nerror: The sandbox is not in sync with the Podfile.lock. Run 'pod install' or update your CocoaPods installation.\nEOM\n    exit 1\nfi\n";
			showEnvVarsInLog = 0;
		};
		7C17C74A7BE8AA4EE87D1C71 /* [CP] Embed Pods Frameworks */ = {
			isa = PBXShellScriptBuildPhase;
			buildActionMask = 2147483647;
			files = (
			);
			inputPaths = (
			);
			name = "[CP] Embed Pods Frameworks";
			outputPaths = (
			);
			runOnlyForDeploymentPostprocessing = 0;
			shellPath = /bin/sh;
			shellScript = "\"${SRCROOT}/Pods/Target Support Files/Pods-PicturePickerTests/Pods-PicturePickerTests-frameworks.sh\"\n";
			showEnvVarsInLog = 0;
		};
		7E9CAF482C9F1B69BEBAB83B /* [CP] Copy Pods Resources */ = {
			isa = PBXShellScriptBuildPhase;
			buildActionMask = 2147483647;
			files = (
			);
			inputPaths = (
			);
			name = "[CP] Copy Pods Resources";
			outputPaths = (
			);
			runOnlyForDeploymentPostprocessing = 0;
			shellPath = /bin/sh;
			shellScript = "\"${SRCROOT}/Pods/Target Support Files/Pods-PicturePickerUITests/Pods-PicturePickerUITests-resources.sh\"\n";
			showEnvVarsInLog = 0;
		};
		BB9E8664D4425C98C13B5277 /* [CP] Copy Pods Resources */ = {
			isa = PBXShellScriptBuildPhase;
			buildActionMask = 2147483647;
			files = (
			);
			inputPaths = (
			);
			name = "[CP] Copy Pods Resources";
			outputPaths = (
			);
			runOnlyForDeploymentPostprocessing = 0;
			shellPath = /bin/sh;
			shellScript = "\"${SRCROOT}/Pods/Target Support Files/Pods-PicturePicker/Pods-PicturePicker-resources.sh\"\n";
			showEnvVarsInLog = 0;
		};
		ECEB42982183F0B187688711 /* [CP] Embed Pods Frameworks */ = {
			isa = PBXShellScriptBuildPhase;
			buildActionMask = 2147483647;
			files = (
			);
			inputPaths = (
			);
			name = "[CP] Embed Pods Frameworks";
			outputPaths = (
			);
			runOnlyForDeploymentPostprocessing = 0;
			shellPath = /bin/sh;
			shellScript = "\"${SRCROOT}/Pods/Target Support Files/Pods-PicturePicker/Pods-PicturePicker-frameworks.sh\"\n";
			showEnvVarsInLog = 0;
		};
/* End PBXShellScriptBuildPhase section */

/* Begin PBXSourcesBuildPhase section */
		DCE704721DB4E95000376E82 /* Sources */ = {
			isa = PBXSourcesBuildPhase;
			buildActionMask = 2147483647;
			files = (
				DCBB50631DB715FD00E787CF /* Helper+System.m in Sources */,
				DCB188A31DB7944900FAA836 /* DisplayPicturesCell.m in Sources */,
				DCB1889A1DB7766300FAA836 /* PicturesDisplayStyleService.m in Sources */,
				DCE704811DB4E95000376E82 /* ViewController.m in Sources */,
				DCF1B2871DB5F042000B240D /* DisplayPictures.m in Sources */,
				DCF1B2801DB5F02A000B240D /* ALAssetLibraryService.m in Sources */,
				DCF1B2921DB61E4C000B240D /* CreateServiceObjectFactory.m in Sources */,
				DCF1B2951DB622D0000B240D /* PictureDatasources.m in Sources */,
				DCB188A51DB7944900FAA836 /* TakePictureCell.m in Sources */,
				DCE7047E1DB4E95000376E82 /* AppDelegate.m in Sources */,
				DCE7047B1DB4E95000376E82 /* main.m in Sources */,
				DCF1B27F1DB5F02A000B240D /* BasicService.m in Sources */,
				DCBB50571DB7156700E787CF /* Helper.m in Sources */,
				DCB188AD1DB794E900FAA836 /* PreviewPictures.m in Sources */,
			);
			runOnlyForDeploymentPostprocessing = 0;
		};
		DCE7048B1DB4E95000376E82 /* Sources */ = {
			isa = PBXSourcesBuildPhase;
			buildActionMask = 2147483647;
			files = (
				DCE704941DB4E95000376E82 /* PicturePickerTests.m in Sources */,
			);
			runOnlyForDeploymentPostprocessing = 0;
		};
		DCE704961DB4E95000376E82 /* Sources */ = {
			isa = PBXSourcesBuildPhase;
			buildActionMask = 2147483647;
			files = (
				DCE7049F1DB4E95000376E82 /* PicturePickerUITests.m in Sources */,
			);
			runOnlyForDeploymentPostprocessing = 0;
		};
/* End PBXSourcesBuildPhase section */

/* Begin PBXTargetDependency section */
		DCE704911DB4E95000376E82 /* PBXTargetDependency */ = {
			isa = PBXTargetDependency;
			target = DCE704751DB4E95000376E82 /* PicturePicker */;
			targetProxy = DCE704901DB4E95000376E82 /* PBXContainerItemProxy */;
		};
		DCE7049C1DB4E95000376E82 /* PBXTargetDependency */ = {
			isa = PBXTargetDependency;
			target = DCE704751DB4E95000376E82 /* PicturePicker */;
			targetProxy = DCE7049B1DB4E95000376E82 /* PBXContainerItemProxy */;
		};
/* End PBXTargetDependency section */

/* Begin PBXVariantGroup section */
		DCE704821DB4E95000376E82 /* Main.storyboard */ = {
			isa = PBXVariantGroup;
			children = (
				DCE704831DB4E95000376E82 /* Base */,
			);
			name = Main.storyboard;
			sourceTree = "<group>";
		};
		DCE704871DB4E95000376E82 /* LaunchScreen.storyboard */ = {
			isa = PBXVariantGroup;
			children = (
				DCE704881DB4E95000376E82 /* Base */,
			);
			name = LaunchScreen.storyboard;
			sourceTree = "<group>";
		};
/* End PBXVariantGroup section */

/* Begin XCBuildConfiguration section */
		DCE704A11DB4E95000376E82 /* Debug */ = {
			isa = XCBuildConfiguration;
			buildSettings = {
				ALWAYS_SEARCH_USER_PATHS = NO;
				CLANG_ANALYZER_NONNULL = YES;
				CLANG_CXX_LANGUAGE_STANDARD = "gnu++0x";
				CLANG_CXX_LIBRARY = "libc++";
				CLANG_ENABLE_MODULES = YES;
				CLANG_ENABLE_OBJC_ARC = YES;
				CLANG_WARN_BOOL_CONVERSION = YES;
				CLANG_WARN_CONSTANT_CONVERSION = YES;
				CLANG_WARN_DIRECT_OBJC_ISA_USAGE = YES_ERROR;
				CLANG_WARN_DOCUMENTATION_COMMENTS = YES;
				CLANG_WARN_EMPTY_BODY = YES;
				CLANG_WARN_ENUM_CONVERSION = YES;
				CLANG_WARN_INFINITE_RECURSION = YES;
				CLANG_WARN_INT_CONVERSION = YES;
				CLANG_WARN_OBJC_ROOT_CLASS = YES_ERROR;
				CLANG_WARN_SUSPICIOUS_MOVES = YES;
				CLANG_WARN_UNREACHABLE_CODE = YES;
				CLANG_WARN__DUPLICATE_METHOD_MATCH = YES;
				"CODE_SIGN_IDENTITY[sdk=iphoneos*]" = "iPhone Developer";
				COPY_PHASE_STRIP = NO;
				DEBUG_INFORMATION_FORMAT = dwarf;
				ENABLE_STRICT_OBJC_MSGSEND = YES;
				ENABLE_TESTABILITY = YES;
				GCC_C_LANGUAGE_STANDARD = gnu99;
				GCC_DYNAMIC_NO_PIC = NO;
				GCC_NO_COMMON_BLOCKS = YES;
				GCC_OPTIMIZATION_LEVEL = 0;
				GCC_PREPROCESSOR_DEFINITIONS = (
					"DEBUG=1",
					"$(inherited)",
				);
				GCC_WARN_64_TO_32_BIT_CONVERSION = YES;
				GCC_WARN_ABOUT_RETURN_TYPE = YES_ERROR;
				GCC_WARN_UNDECLARED_SELECTOR = YES;
				GCC_WARN_UNINITIALIZED_AUTOS = YES_AGGRESSIVE;
				GCC_WARN_UNUSED_FUNCTION = YES;
				GCC_WARN_UNUSED_VARIABLE = YES;
				IPHONEOS_DEPLOYMENT_TARGET = 8.0;
				MTL_ENABLE_DEBUG_INFO = YES;
				ONLY_ACTIVE_ARCH = YES;
				SDKROOT = iphoneos;
				TARGETED_DEVICE_FAMILY = "1,2";
			};
			name = Debug;
		};
		DCE704A21DB4E95000376E82 /* Release */ = {
			isa = XCBuildConfiguration;
			buildSettings = {
				ALWAYS_SEARCH_USER_PATHS = NO;
				CLANG_ANALYZER_NONNULL = YES;
				CLANG_CXX_LANGUAGE_STANDARD = "gnu++0x";
				CLANG_CXX_LIBRARY = "libc++";
				CLANG_ENABLE_MODULES = YES;
				CLANG_ENABLE_OBJC_ARC = YES;
				CLANG_WARN_BOOL_CONVERSION = YES;
				CLANG_WARN_CONSTANT_CONVERSION = YES;
				CLANG_WARN_DIRECT_OBJC_ISA_USAGE = YES_ERROR;
				CLANG_WARN_DOCUMENTATION_COMMENTS = YES;
				CLANG_WARN_EMPTY_BODY = YES;
				CLANG_WARN_ENUM_CONVERSION = YES;
				CLANG_WARN_INFINITE_RECURSION = YES;
				CLANG_WARN_INT_CONVERSION = YES;
				CLANG_WARN_OBJC_ROOT_CLASS = YES_ERROR;
				CLANG_WARN_SUSPICIOUS_MOVES = YES;
				CLANG_WARN_UNREACHABLE_CODE = YES;
				CLANG_WARN__DUPLICATE_METHOD_MATCH = YES;
				"CODE_SIGN_IDENTITY[sdk=iphoneos*]" = "iPhone Developer";
				COPY_PHASE_STRIP = NO;
				DEBUG_INFORMATION_FORMAT = "dwarf-with-dsym";
				ENABLE_NS_ASSERTIONS = NO;
				ENABLE_STRICT_OBJC_MSGSEND = YES;
				GCC_C_LANGUAGE_STANDARD = gnu99;
				GCC_NO_COMMON_BLOCKS = YES;
				GCC_WARN_64_TO_32_BIT_CONVERSION = YES;
				GCC_WARN_ABOUT_RETURN_TYPE = YES_ERROR;
				GCC_WARN_UNDECLARED_SELECTOR = YES;
				GCC_WARN_UNINITIALIZED_AUTOS = YES_AGGRESSIVE;
				GCC_WARN_UNUSED_FUNCTION = YES;
				GCC_WARN_UNUSED_VARIABLE = YES;
				IPHONEOS_DEPLOYMENT_TARGET = 8.0;
				MTL_ENABLE_DEBUG_INFO = NO;
				SDKROOT = iphoneos;
				TARGETED_DEVICE_FAMILY = "1,2";
				VALIDATE_PRODUCT = YES;
			};
			name = Release;
		};
		DCE704A41DB4E95000376E82 /* Debug */ = {
			isa = XCBuildConfiguration;
			baseConfigurationReference = 0216B4E70D634E1E33D6B375 /* Pods-PicturePicker.debug.xcconfig */;
			buildSettings = {
				ASSETCATALOG_COMPILER_APPICON_NAME = AppIcon;
				DEVELOPMENT_TEAM = D2XBEJ6876;
				INFOPLIST_FILE = PicturePicker/Info.plist;
				LD_RUNPATH_SEARCH_PATHS = "$(inherited) @executable_path/Frameworks";
				PRODUCT_BUNDLE_IDENTIFIER = com.dtspread.apps.PicturePicker;
				PRODUCT_NAME = "$(TARGET_NAME)";
			};
			name = Debug;
		};
		DCE704A51DB4E95000376E82 /* Release */ = {
			isa = XCBuildConfiguration;
			baseConfigurationReference = 3E62F3AB0274116DA6CBA5FD /* Pods-PicturePicker.release.xcconfig */;
			buildSettings = {
				ASSETCATALOG_COMPILER_APPICON_NAME = AppIcon;
				DEVELOPMENT_TEAM = D2XBEJ6876;
				INFOPLIST_FILE = PicturePicker/Info.plist;
				LD_RUNPATH_SEARCH_PATHS = "$(inherited) @executable_path/Frameworks";
				PRODUCT_BUNDLE_IDENTIFIER = com.dtspread.apps.PicturePicker;
				PRODUCT_NAME = "$(TARGET_NAME)";
			};
			name = Release;
		};
		DCE704A71DB4E95000376E82 /* Debug */ = {
			isa = XCBuildConfiguration;
			baseConfigurationReference = 34636E549E0E8214AC897914 /* Pods-PicturePickerTests.debug.xcconfig */;
			buildSettings = {
				BUNDLE_LOADER = "$(TEST_HOST)";
				DEVELOPMENT_TEAM = D2XBEJ6876;
				INFOPLIST_FILE = PicturePickerTests/Info.plist;
				LD_RUNPATH_SEARCH_PATHS = "$(inherited) @executable_path/Frameworks @loader_path/Frameworks";
				PRODUCT_BUNDLE_IDENTIFIER = com.dtspread.apps.PicturePickerTests;
				PRODUCT_NAME = "$(TARGET_NAME)";
				TEST_HOST = "$(BUILT_PRODUCTS_DIR)/PicturePicker.app/PicturePicker";
			};
			name = Debug;
		};
		DCE704A81DB4E95000376E82 /* Release */ = {
			isa = XCBuildConfiguration;
			baseConfigurationReference = 917D1BD53BFFC0D5413DC9A9 /* Pods-PicturePickerTests.release.xcconfig */;
			buildSettings = {
				BUNDLE_LOADER = "$(TEST_HOST)";
				DEVELOPMENT_TEAM = D2XBEJ6876;
				INFOPLIST_FILE = PicturePickerTests/Info.plist;
				LD_RUNPATH_SEARCH_PATHS = "$(inherited) @executable_path/Frameworks @loader_path/Frameworks";
				PRODUCT_BUNDLE_IDENTIFIER = com.dtspread.apps.PicturePickerTests;
				PRODUCT_NAME = "$(TARGET_NAME)";
				TEST_HOST = "$(BUILT_PRODUCTS_DIR)/PicturePicker.app/PicturePicker";
			};
			name = Release;
		};
		DCE704AA1DB4E95000376E82 /* Debug */ = {
			isa = XCBuildConfiguration;
			baseConfigurationReference = 5303DFEC29E88CA0F6F6E8C8 /* Pods-PicturePickerUITests.debug.xcconfig */;
			buildSettings = {
				DEVELOPMENT_TEAM = D2XBEJ6876;
				INFOPLIST_FILE = PicturePickerUITests/Info.plist;
				LD_RUNPATH_SEARCH_PATHS = "$(inherited) @executable_path/Frameworks @loader_path/Frameworks";
				PRODUCT_BUNDLE_IDENTIFIER = com.dtspread.apps.PicturePickerUITests;
				PRODUCT_NAME = "$(TARGET_NAME)";
				TEST_TARGET_NAME = PicturePicker;
			};
			name = Debug;
		};
		DCE704AB1DB4E95000376E82 /* Release */ = {
			isa = XCBuildConfiguration;
			baseConfigurationReference = E320779A23D9ECB59E38CD09 /* Pods-PicturePickerUITests.release.xcconfig */;
			buildSettings = {
				DEVELOPMENT_TEAM = D2XBEJ6876;
				INFOPLIST_FILE = PicturePickerUITests/Info.plist;
				LD_RUNPATH_SEARCH_PATHS = "$(inherited) @executable_path/Frameworks @loader_path/Frameworks";
				PRODUCT_BUNDLE_IDENTIFIER = com.dtspread.apps.PicturePickerUITests;
				PRODUCT_NAME = "$(TARGET_NAME)";
				TEST_TARGET_NAME = PicturePicker;
			};
			name = Release;
		};
/* End XCBuildConfiguration section */

/* Begin XCConfigurationList section */
		DCE704711DB4E95000376E82 /* Build configuration list for PBXProject "PicturePicker" */ = {
			isa = XCConfigurationList;
			buildConfigurations = (
				DCE704A11DB4E95000376E82 /* Debug */,
				DCE704A21DB4E95000376E82 /* Release */,
			);
			defaultConfigurationIsVisible = 0;
			defaultConfigurationName = Release;
		};
		DCE704A31DB4E95000376E82 /* Build configuration list for PBXNativeTarget "PicturePicker" */ = {
			isa = XCConfigurationList;
			buildConfigurations = (
				DCE704A41DB4E95000376E82 /* Debug */,
				DCE704A51DB4E95000376E82 /* Release */,
			);
			defaultConfigurationIsVisible = 0;
			defaultConfigurationName = Release;
		};
		DCE704A61DB4E95000376E82 /* Build configuration list for PBXNativeTarget "PicturePickerTests" */ = {
			isa = XCConfigurationList;
			buildConfigurations = (
				DCE704A71DB4E95000376E82 /* Debug */,
				DCE704A81DB4E95000376E82 /* Release */,
			);
			defaultConfigurationIsVisible = 0;
			defaultConfigurationName = Release;
		};
		DCE704A91DB4E95000376E82 /* Build configuration list for PBXNativeTarget "PicturePickerUITests" */ = {
			isa = XCConfigurationList;
			buildConfigurations = (
				DCE704AA1DB4E95000376E82 /* Debug */,
				DCE704AB1DB4E95000376E82 /* Release */,
			);
			defaultConfigurationIsVisible = 0;
			defaultConfigurationName = Release;
		};
/* End XCConfigurationList section */
	};
	rootObject = DCE7046E1DB4E95000376E82 /* Project object */;
}
